<?xml version="1.0" encoding="utf-8"?>
<Project ToolsVersion="4.0" xmlns="http://schemas.microsoft.com/developer/msbuild/2003">
  <ItemGroup>
    <ClCompile Include="simplePBO.cpp">
      <Filter>Source Files</Filter>
    </ClCompile>
    <ClCompile Include="callbacksPBO.cpp">
      <Filter>Source Files</Filter>
    </ClCompile>
    <ClCompile Include="PixelMain.cpp">
      <Filter>Source Files</Filter>
    </ClCompile>
  </ItemGroup>
  <ItemGroup>
    <Filter Include="Source Files">
      <UniqueIdentifier>{1d474855-33e9-4ebe-8908-d21daadba27e}</UniqueIdentifier>
    </Filter>
  </ItemGroup>
  <ItemGroup>
    <CudaCompile Include="kernelPBO.cu">
      <Filter>Source Files</Filter>
    </CudaCompile>
  </ItemGroup>
</Project>